github.com/absfs/absfs v0.0.0-20251124175320-57b9f1cc64c5 h1:cyFtUcmUc6iwn3xUu8V4TJGdZukTu9j3SuYTbPgtlEo=
github.com/absfs/absfs v0.0.0-20251124175320-57b9f1cc64c5/go.mod h1:IvFD36FQcMxLLZNhs2Lms+Uosc0G3AJ2JHOJIz8E5d8=
github.com/absfs/fstesting v0.0.0-20251206231118-7a50ca2cce8a h1:XDf6hhmXiLj7WjXm0+6P5EM7TYV19cxFye0CJncyhzw=
github.com/absfs/fstesting v0.0.0-20251206231118-7a50ca2cce8a/go.mod h1:k+GNl+VG/teXQBkCH5vt+gzPtkDCQTjX+hTgpDnnqEs=
